
Microsoft Visual Studio Solution File, Format Version 12.00
# Visual Studio Version 17
VisualStudioVersion = 17.10.35122.118
MinimumVisualStudioVersion = 10.0.40219.1
Project("{FAE04EC0-301F-11D3-BF4B-00C04F79EFBC}") = "EmployeeManagement", "EmployeeManagement\EmployeeManagement.csproj", "{55D79B89-A4E4-41C5-9E34-363A4B4FA7EF}"
EndProject
Global
	GlobalSection(SolutionConfigurationPlatforms) = preSolution
		Debug|Any CPU = Debug|Any CPU
		Release|Any CPU = Release|Any CPU
	EndGlobalSection
	GlobalSection(ProjectConfigurationPlatforms) = postSolution
		{55D79B89-A4E4-41C5-9E34-363A4B4FA7EF}.Debug|Any CPU.ActiveCfg = Debug|Any CPU
		{55D79B89-A4E4-41C5-9E34-363A4B4FA7EF}.Debug|Any CPU.Build.0 = Debug|Any CPU
		{55D79B89-A4E4-41C5-9E34-363A4B4FA7EF}.Release|Any CPU.ActiveCfg = Release|Any CPU
		{55D79B89-A4E4-41C5-9E34-363A4B4FA7EF}.Release|Any CPU.Build.0 = Release|Any CPU
	EndGlobalSection
	GlobalSection(SolutionProperties) = preSolution
		HideSolutionNode = FALSE
	EndGlobalSection
	GlobalSection(ExtensibilityGlobals) = postSolution
		SolutionGuid = {B0D395B5-4B81-4F75-87A8-2C246D732B4D}
	EndGlobalSection
EndGlobal
